
Microsoft Visual Studio Solution File, Format Version 12.00
# Visual Studio Version 17
VisualStudioVersion = 17.4.33213.308
MinimumVisualStudioVersion = 10.0.40219.1
Project("{FAE04EC0-301F-11D3-BF4B-00C04F79EFBC}") = "WindowsFormsApp10", "WindowsFormsApp10\WindowsFormsApp10.csproj", "{7D93B9A7-0C75-4479-8D2C-4FB078B12919}"
EndProject
Global
	GlobalSection(SolutionConfigurationPlatforms) = preSolution
		Debug|Any CPU = Debug|Any CPU
		Release|Any CPU = Release|Any CPU
	EndGlobalSection
	GlobalSection(ProjectConfigurationPlatforms) = postSolution
		{7D93B9A7-0C75-4479-8D2C-4FB078B12919}.Debug|Any CPU.ActiveCfg = Debug|Any CPU
		{7D93B9A7-0C75-4479-8D2C-4FB078B12919}.Debug|Any CPU.Build.0 = Debug|Any CPU
		{7D93B9A7-0C75-4479-8D2C-4FB078B12919}.Release|Any CPU.ActiveCfg = Release|Any CPU
		{7D93B9A7-0C75-4479-8D2C-4FB078B12919}.Release|Any CPU.Build.0 = Release|Any CPU
	EndGlobalSection
	GlobalSection(SolutionProperties) = preSolution
		HideSolutionNode = FALSE
	EndGlobalSection
	GlobalSection(ExtensibilityGlobals) = postSolution
		SolutionGuid = {CDF10F7A-18F6-440D-B472-46B7D1FD1DA6}
	EndGlobalSection
EndGlobal
